{
  "name": "notes",
  "version": "1.0.0",
  "lockfileVersion": 1,
  "requires": true,
  "dependencies": {
    "algorithm-visualizer": {
      "version": "2.3.7",
      "resolved": "https://registry.npm.taobao.org/algorithm-visualizer/download/algorithm-visualizer-2.3.7.tgz",
      "integrity": "sha1-3wbACbY6E+nqCxe+cjlCeEMydkw=",
      "dev": true,
      "requires": {
        "axios": "^0.18.0",
        "opn": "^5.4.0"
      }
    },
    "axios": {
      "version": "0.18.1",
      "resolved": "https://registry.npm.taobao.org/axios/download/axios-0.18.1.tgz",
      "integrity": "sha1-/z8N4ue10YDnV62YAA8Qgbh7zqM=",
      "dev": true,
      "requires": {
        "follow-redirects": "1.5.10",
        "is-buffer": "^2.0.2"
      }
    },
    "commander": {
      "version": "5.1.0",
      "resolved": "https://registry.npm.taobao.org/commander/download/commander-5.1.0.tgz",
      "integrity": "sha1-Rqu9FlL44Fm92u+Zu9yyrZzxea4=",
      "dev": true
    },
    "debug": {
      "version": "3.1.0",
      "resolved": "https://registry.npm.taobao.org/debug/download/debug-3.1.0.tgz?cache=0&other_urls=https%3A%2F%2Fregistry.npm.taobao.org%2Fdebug%2Fdownload%2Fdebug-3.1.0.tgz",
      "integrity": "sha1-W7WgZyYotkFJVmuhaBnmFRjGcmE=",
      "dev": true,
      "requires": {
        "ms": "2.0.0"
      }
    },
    "follow-redirects": {
      "version": "1.5.10",
      "resolved": "https://registry.npm.taobao.org/follow-redirects/download/follow-redirects-1.5.10.tgz?cache=0&sync_timestamp=1585479417937&other_urls=https%3A%2F%2Fregistry.npm.taobao.org%2Ffollow-redirects%2Fdownload%2Ffollow-redirects-1.5.10.tgz",
      "integrity": "sha1-e3qfmuov3/NnhqlP9kPtB/T/Xio=",
      "dev": true,
      "requires": {
        "debug": "=3.1.0"
      }
    },
    "is-buffer": {
      "version": "2.0.4",
      "resolved": "https://registry.npm.taobao.org/is-buffer/download/is-buffer-2.0.4.tgz?cache=0&sync_timestamp=1588707106955&other_urls=https%3A%2F%2Fregistry.npm.taobao.org%2Fis-buffer%2Fdownload%2Fis-buffer-2.0.4.tgz",
      "integrity": "sha1-PlcvI8hBGlz9lVfISeNmXgspBiM=",
      "dev": true
    },
    "is-wsl": {
      "version": "1.1.0",
      "resolved": "https://registry.npm.taobao.org/is-wsl/download/is-wsl-1.1.0.tgz",
      "integrity": "sha1-HxbkqiKwTRM2tmGIpmrzxgDDpm0=",
      "dev": true
    },
    "mockjs": {
      "version": "1.1.0",
      "resolved": "https://registry.npm.taobao.org/mockjs/download/mockjs-1.1.0.tgz",
      "integrity": "sha1-5qDDeOkZBtuv8gkRzAJzs8fXWwY=",
      "dev": true,
      "requires": {
        "commander": "*"
      }
    },
    "ms": {
      "version": "2.0.0",
      "resolved": "https://registry.npm.taobao.org/ms/download/ms-2.0.0.tgz",
      "integrity": "sha1-VgiurfwAvmwpAd9fmGF4jeDVl8g=",
      "dev": true
    },
    "opn": {
      "version": "5.5.0",
      "resolved": "https://registry.npm.taobao.org/opn/download/opn-5.5.0.tgz",
      "integrity": "sha1-/HFk+rVtI1kExRw7J9pnWMo7m/w=",
      "dev": true,
      "requires": {
        "is-wsl": "^1.1.0"
      }
    }
  }
}
